
Microsoft Visual Studio Solution File, Format Version 12.00
# Visual Studio Version 16
VisualStudioVersion = 16.0.31702.278
MinimumVisualStudioVersion = 10.0.40219.1
Project("{00D1A9C2-B5F0-4AF3-8072-F6C62B433612}") = "Database", "Database\Database.sqlproj", "{42915701-B089-4F56-BB80-2419F1BA8A95}"
EndProject
Project("{00D1A9C2-B5F0-4AF3-8072-F6C62B433612}") = "InitialData", "InitialData\InitialData.sqlproj", "{C874F8AB-B7DC-495B-AFC7-2A82EB45CD8C}"
EndProject
Global
	GlobalSection(SolutionConfigurationPlatforms) = preSolution
		Debug|Any CPU = Debug|Any CPU
		Release|Any CPU = Release|Any CPU
	EndGlobalSection
	GlobalSection(ProjectConfigurationPlatforms) = postSolution
		{42915701-B089-4F56-BB80-2419F1BA8A95}.Debug|Any CPU.ActiveCfg = Debug|Any CPU
		{42915701-B089-4F56-BB80-2419F1BA8A95}.Debug|Any CPU.Build.0 = Debug|Any CPU
		{42915701-B089-4F56-BB80-2419F1BA8A95}.Debug|Any CPU.Deploy.0 = Debug|Any CPU
		{42915701-B089-4F56-BB80-2419F1BA8A95}.Release|Any CPU.ActiveCfg = Release|Any CPU
		{42915701-B089-4F56-BB80-2419F1BA8A95}.Release|Any CPU.Build.0 = Release|Any CPU
		{42915701-B089-4F56-BB80-2419F1BA8A95}.Release|Any CPU.Deploy.0 = Release|Any CPU
		{C874F8AB-B7DC-495B-AFC7-2A82EB45CD8C}.Debug|Any CPU.ActiveCfg = Debug|Any CPU
		{C874F8AB-B7DC-495B-AFC7-2A82EB45CD8C}.Debug|Any CPU.Build.0 = Debug|Any CPU
		{C874F8AB-B7DC-495B-AFC7-2A82EB45CD8C}.Debug|Any CPU.Deploy.0 = Debug|Any CPU
		{C874F8AB-B7DC-495B-AFC7-2A82EB45CD8C}.Release|Any CPU.ActiveCfg = Release|Any CPU
		{C874F8AB-B7DC-495B-AFC7-2A82EB45CD8C}.Release|Any CPU.Build.0 = Release|Any CPU
		{C874F8AB-B7DC-495B-AFC7-2A82EB45CD8C}.Release|Any CPU.Deploy.0 = Release|Any CPU
	EndGlobalSection
	GlobalSection(SolutionProperties) = preSolution
		HideSolutionNode = FALSE
	EndGlobalSection
	GlobalSection(ExtensibilityGlobals) = postSolution
		SolutionGuid = {0CB8AE6E-C80F-49A1-A4C5-2D7101A0E6FB}
	EndGlobalSection
EndGlobal
